
Microsoft Visual Studio Solution File, Format Version 12.00
# Visual Studio 2013
VisualStudioVersion = 12.0.40629.0
MinimumVisualStudioVersion = 10.0.40219.1
Project("{FAE04EC0-301F-11D3-BF4B-00C04F79EFBC}") = "CodingChallengeService", "CodingChallengeService\CodingChallengeService.csproj", "{DD0025E2-94A7-41E0-8269-A0AFFF4C896D}"
EndProject
Project("{FAE04EC0-301F-11D3-BF4B-00C04F79EFBC}") = "CodingChallengeTest", "CodingChallengeTest\CodingChallengeTest.csproj", "{1347EBB7-CCDB-444D-AC78-FAE0B28CFAB8}"
EndProject
Global
	GlobalSection(SolutionConfigurationPlatforms) = preSolution
		Debug|Any CPU = Debug|Any CPU
		Release|Any CPU = Release|Any CPU
	EndGlobalSection
	GlobalSection(ProjectConfigurationPlatforms) = postSolution
		{DD0025E2-94A7-41E0-8269-A0AFFF4C896D}.Debug|Any CPU.ActiveCfg = Debug|Any CPU
		{DD0025E2-94A7-41E0-8269-A0AFFF4C896D}.Debug|Any CPU.Build.0 = Debug|Any CPU
		{DD0025E2-94A7-41E0-8269-A0AFFF4C896D}.Release|Any CPU.ActiveCfg = Release|Any CPU
		{DD0025E2-94A7-41E0-8269-A0AFFF4C896D}.Release|Any CPU.Build.0 = Release|Any CPU
		{1347EBB7-CCDB-444D-AC78-FAE0B28CFAB8}.Debug|Any CPU.ActiveCfg = Debug|Any CPU
		{1347EBB7-CCDB-444D-AC78-FAE0B28CFAB8}.Debug|Any CPU.Build.0 = Debug|Any CPU
		{1347EBB7-CCDB-444D-AC78-FAE0B28CFAB8}.Release|Any CPU.ActiveCfg = Release|Any CPU
		{1347EBB7-CCDB-444D-AC78-FAE0B28CFAB8}.Release|Any CPU.Build.0 = Release|Any CPU
	EndGlobalSection
	GlobalSection(SolutionProperties) = preSolution
		HideSolutionNode = FALSE
	EndGlobalSection
EndGlobal
